{
  "name": "分包异步",
  "lockfileVersion": 3,
  "requires": true,
  "packages": {
    "": {
      "devDependencies": {
        "zion-uniapp-mp-load-package": "^1.0.4"
      }
    },
    "node_modules/zion-uniapp-mp-load-package": {
      "version": "1.0.4",
      "resolved": "https://registry.npmmirror.com/zion-uniapp-mp-load-package/-/zion-uniapp-mp-load-package-1.0.4.tgz",
      "integrity": "sha512-W9GbO0fcdm+dNaS5YNK9QeXWtk035rlYH5yRxMtA3Ddd3xo6gPA6ZWkZas8rK1Ab3yAfGoORNXQ68buIBIpeog==",
      "dev": true
    }
  }
}
